// !$*UTF8*$!
{
	archiveVersion = 1;
	classes = {
	};
	objectVersion = 55;
	objects = {

/* Begin PBXBuildFile section */
		871A77AC270E3A5100E67124 /* NetworkService.swift in Sources */ = {isa = PBXBuildFile; fileRef = 871A77AB270E3A5100E67124 /* NetworkService.swift */; };
		871A77B0270E3A9300E67124 /* HTTPMethod.swift in Sources */ = {isa = PBXBuildFile; fileRef = 871A77AF270E3A9300E67124 /* HTTPMethod.swift */; };
		871A77B2270E3CE500E67124 /* NetworkService_Specs.swift in Sources */ = {isa = PBXBuildFile; fileRef = 871A77B1270E3CE500E67124 /* NetworkService_Specs.swift */; };
		873552B3270D847700F2DDBD /* easysellingApp.swift in Sources */ = {isa = PBXBuildFile; fileRef = 873552B2270D847700F2DDBD /* easysellingApp.swift */; };
		873552B5270D847700F2DDBD /* ContentView.swift in Sources */ = {isa = PBXBuildFile; fileRef = 873552B4270D847700F2DDBD /* ContentView.swift */; };
		873552B7270D847B00F2DDBD /* Assets.xcassets in Resources */ = {isa = PBXBuildFile; fileRef = 873552B6270D847B00F2DDBD /* Assets.xcassets */; };
		873552BA270D847B00F2DDBD /* Preview Assets.xcassets in Resources */ = {isa = PBXBuildFile; fileRef = 873552B9270D847B00F2DDBD /* Preview Assets.xcassets */; };
		873552C4270D847B00F2DDBD /* easysellingTests.swift in Sources */ = {isa = PBXBuildFile; fileRef = 873552C3270D847B00F2DDBD /* easysellingTests.swift */; };
		D00736582712D93800ED0F2C /* AuthenticationServices.framework in Frameworks */ = {isa = PBXBuildFile; fileRef = D00736572712D93800ED0F2C /* AuthenticationServices.framework */; };
/* End PBXBuildFile section */

/* Begin PBXContainerItemProxy section */
		873552C0270D847B00F2DDBD /* PBXContainerItemProxy */ = {
			isa = PBXContainerItemProxy;
			containerPortal = 873552A7270D847700F2DDBD /* Project object */;
			proxyType = 1;
			remoteGlobalIDString = 873552AE270D847700F2DDBD;
			remoteInfo = easyselling;
		};
/* End PBXContainerItemProxy section */

/* Begin PBXFileReference section */
		871A77AB270E3A5100E67124 /* NetworkService.swift */ = {isa = PBXFileReference; lastKnownFileType = sourcecode.swift; path = NetworkService.swift; sourceTree = "<group>"; };
		871A77AF270E3A9300E67124 /* HTTPMethod.swift */ = {isa = PBXFileReference; lastKnownFileType = sourcecode.swift; path = HTTPMethod.swift; sourceTree = "<group>"; };
		871A77B1270E3CE500E67124 /* NetworkService_Specs.swift */ = {isa = PBXFileReference; lastKnownFileType = sourcecode.swift; path = NetworkService_Specs.swift; sourceTree = "<group>"; };
		873552AF270D847700F2DDBD /* easyselling.app */ = {isa = PBXFileReference; explicitFileType = wrapper.application; includeInIndex = 0; path = easyselling.app; sourceTree = BUILT_PRODUCTS_DIR; };
		873552B2270D847700F2DDBD /* easysellingApp.swift */ = {isa = PBXFileReference; lastKnownFileType = sourcecode.swift; path = easysellingApp.swift; sourceTree = "<group>"; };
		873552B4270D847700F2DDBD /* ContentView.swift */ = {isa = PBXFileReference; lastKnownFileType = sourcecode.swift; path = ContentView.swift; sourceTree = "<group>"; };
		873552B6270D847B00F2DDBD /* Assets.xcassets */ = {isa = PBXFileReference; lastKnownFileType = folder.assetcatalog; path = Assets.xcassets; sourceTree = "<group>"; };
		873552B9270D847B00F2DDBD /* Preview Assets.xcassets */ = {isa = PBXFileReference; lastKnownFileType = folder.assetcatalog; path = "Preview Assets.xcassets"; sourceTree = "<group>"; };
		873552BF270D847B00F2DDBD /* easysellingTests.xctest */ = {isa = PBXFileReference; explicitFileType = wrapper.cfbundle; includeInIndex = 0; path = easysellingTests.xctest; sourceTree = BUILT_PRODUCTS_DIR; };
		873552C3270D847B00F2DDBD /* easysellingTests.swift */ = {isa = PBXFileReference; lastKnownFileType = sourcecode.swift; path = easysellingTests.swift; sourceTree = "<group>"; };
		D00736552712D93800ED0F2C /* easyselling.entitlements */ = {isa = PBXFileReference; lastKnownFileType = text.plist.entitlements; path = easyselling.entitlements; sourceTree = "<group>"; };
		D00736572712D93800ED0F2C /* AuthenticationServices.framework */ = {isa = PBXFileReference; lastKnownFileType = wrapper.framework; name = AuthenticationServices.framework; path = System/Library/Frameworks/AuthenticationServices.framework; sourceTree = SDKROOT; };
/* End PBXFileReference section */

/* Begin PBXFrameworksBuildPhase section */
		873552AC270D847700F2DDBD /* Frameworks */ = {
			isa = PBXFrameworksBuildPhase;
			buildActionMask = 2147483647;
			files = (
				D00736582712D93800ED0F2C /* AuthenticationServices.framework in Frameworks */,
			);
			runOnlyForDeploymentPostprocessing = 0;
		};
		873552BC270D847B00F2DDBD /* Frameworks */ = {
			isa = PBXFrameworksBuildPhase;
			buildActionMask = 2147483647;
			files = (
			);
			runOnlyForDeploymentPostprocessing = 0;
		};
/* End PBXFrameworksBuildPhase section */

/* Begin PBXGroup section */
		871A77AA270E3A4200E67124 /* Services */ = {
			isa = PBXGroup;
			children = (
				871A77AB270E3A5100E67124 /* NetworkService.swift */,
			);
			path = Services;
			sourceTree = "<group>";
		};
		871A77AD270E3A8200E67124 /* Additions */ = {
			isa = PBXGroup;
			children = (
				871A77AE270E3A8700E67124 /* Enums */,
			);
			path = Additions;
			sourceTree = "<group>";
		};
		871A77AE270E3A8700E67124 /* Enums */ = {
			isa = PBXGroup;
			children = (
				871A77AF270E3A9300E67124 /* HTTPMethod.swift */,
			);
			path = Enums;
			sourceTree = "<group>";
		};
		873552A6270D847700F2DDBD = {
			isa = PBXGroup;
			children = (
				873552B1270D847700F2DDBD /* easyselling */,
				873552C2270D847B00F2DDBD /* easysellingTests */,
				873552B0270D847700F2DDBD /* Products */,
				D00736562712D93800ED0F2C /* Frameworks */,
			);
			sourceTree = "<group>";
		};
		873552B0270D847700F2DDBD /* Products */ = {
			isa = PBXGroup;
			children = (
				873552AF270D847700F2DDBD /* easyselling.app */,
				873552BF270D847B00F2DDBD /* easysellingTests.xctest */,
			);
			name = Products;
			sourceTree = "<group>";
		};
		873552B1270D847700F2DDBD /* easyselling */ = {
			isa = PBXGroup;
			children = (
				D00736552712D93800ED0F2C /* easyselling.entitlements */,
				871A77AD270E3A8200E67124 /* Additions */,
				871A77AA270E3A4200E67124 /* Services */,
				873552B2270D847700F2DDBD /* easysellingApp.swift */,
				873552B4270D847700F2DDBD /* ContentView.swift */,
				873552B6270D847B00F2DDBD /* Assets.xcassets */,
				873552B8270D847B00F2DDBD /* Preview Content */,
			);
			path = easyselling;
			sourceTree = "<group>";
		};
		873552B8270D847B00F2DDBD /* Preview Content */ = {
			isa = PBXGroup;
			children = (
				873552B9270D847B00F2DDBD /* Preview Assets.xcassets */,
			);
			path = "Preview Content";
			sourceTree = "<group>";
		};
		873552C2270D847B00F2DDBD /* easysellingTests */ = {
			isa = PBXGroup;
			children = (
				871A77B1270E3CE500E67124 /* NetworkService_Specs.swift */,
			);
			path = easysellingTests;
			sourceTree = "<group>";
		};
		D00736562712D93800ED0F2C /* Frameworks */ = {
			isa = PBXGroup;
			children = (
				D00736572712D93800ED0F2C /* AuthenticationServices.framework */,
			);
			name = Frameworks;
			sourceTree = "<group>";
		};
/* End PBXGroup section */

/* Begin PBXNativeTarget section */
		873552AE270D847700F2DDBD /* easyselling */ = {
			isa = PBXNativeTarget;
			buildConfigurationList = 873552D3270D847B00F2DDBD /* Build configuration list for PBXNativeTarget "easyselling" */;
			buildPhases = (
				873552AB270D847700F2DDBD /* Sources */,
				873552AC270D847700F2DDBD /* Frameworks */,
				873552AD270D847700F2DDBD /* Resources */,
			);
			buildRules = (
			);
			dependencies = (
			);
			name = easyselling;
			productName = easyselling;
			productReference = 873552AF270D847700F2DDBD /* easyselling.app */;
			productType = "com.apple.product-type.application";
		};
		873552BE270D847B00F2DDBD /* easysellingTests */ = {
			isa = PBXNativeTarget;
			buildConfigurationList = 873552D6270D847B00F2DDBD /* Build configuration list for PBXNativeTarget "easysellingTests" */;
			buildPhases = (
				873552BB270D847B00F2DDBD /* Sources */,
				873552BC270D847B00F2DDBD /* Frameworks */,
				873552BD270D847B00F2DDBD /* Resources */,
			);
			buildRules = (
			);
			dependencies = (
				873552C1270D847B00F2DDBD /* PBXTargetDependency */,
			);
			name = easysellingTests;
			productName = easysellingTests;
			productReference = 873552BF270D847B00F2DDBD /* easysellingTests.xctest */;
			productType = "com.apple.product-type.bundle.unit-test";
		};
/* End PBXNativeTarget section */

/* Begin PBXProject section */
		873552A7270D847700F2DDBD /* Project object */ = {
			isa = PBXProject;
			attributes = {
				BuildIndependentTargetsInParallel = 1;
				LastSwiftUpdateCheck = 1300;
				LastUpgradeCheck = 1300;
				TargetAttributes = {
					873552AE270D847700F2DDBD = {
						CreatedOnToolsVersion = 13.0;
					};
					873552BE270D847B00F2DDBD = {
						CreatedOnToolsVersion = 13.0;
						TestTargetID = 873552AE270D847700F2DDBD;
					};
				};
			};
			buildConfigurationList = 873552AA270D847700F2DDBD /* Build configuration list for PBXProject "easyselling" */;
			compatibilityVersion = "Xcode 13.0";
			developmentRegion = en;
			hasScannedForEncodings = 0;
			knownRegions = (
				en,
				Base,
			);
			mainGroup = 873552A6270D847700F2DDBD;
			productRefGroup = 873552B0270D847700F2DDBD /* Products */;
			projectDirPath = "";
			projectRoot = "";
			targets = (
				873552AE270D847700F2DDBD /* easyselling */,
				873552BE270D847B00F2DDBD /* easysellingTests */,
			);
		};
/* End PBXProject section */

/* Begin PBXResourcesBuildPhase section */
		873552AD270D847700F2DDBD /* Resources */ = {
			isa = PBXResourcesBuildPhase;
			buildActionMask = 2147483647;
			files = (
				873552BA270D847B00F2DDBD /* Preview Assets.xcassets in Resources */,
				873552B7270D847B00F2DDBD /* Assets.xcassets in Resources */,
			);
			runOnlyForDeploymentPostprocessing = 0;
		};
		873552BD270D847B00F2DDBD /* Resources */ = {
			isa = PBXResourcesBuildPhase;
			buildActionMask = 2147483647;
			files = (
			);
			runOnlyForDeploymentPostprocessing = 0;
		};
/* End PBXResourcesBuildPhase section */

/* Begin PBXSourcesBuildPhase section */
		873552AB270D847700F2DDBD /* Sources */ = {
			isa = PBXSourcesBuildPhase;
			buildActionMask = 2147483647;
			files = (
				871A77B0270E3A9300E67124 /* HTTPMethod.swift in Sources */,
				873552B5270D847700F2DDBD /* ContentView.swift in Sources */,
				871A77AC270E3A5100E67124 /* NetworkService.swift in Sources */,
				873552B3270D847700F2DDBD /* easysellingApp.swift in Sources */,
			);
			runOnlyForDeploymentPostprocessing = 0;
		};
		873552BB270D847B00F2DDBD /* Sources */ = {
			isa = PBXSourcesBuildPhase;
			buildActionMask = 2147483647;
			files = (
				871A77B2270E3CE500E67124 /* NetworkService_Specs.swift in Sources */,
			);
			runOnlyForDeploymentPostprocessing = 0;
		};
/* End PBXSourcesBuildPhase section */

/* Begin PBXTargetDependency section */
		873552C1270D847B00F2DDBD /* PBXTargetDependency */ = {
			isa = PBXTargetDependency;
			target = 873552AE270D847700F2DDBD /* easyselling */;
			targetProxy = 873552C0270D847B00F2DDBD /* PBXContainerItemProxy */;
		};
/* End PBXTargetDependency section */

/* Begin XCBuildConfiguration section */
		873552D1270D847B00F2DDBD /* Debug */ = {
			isa = XCBuildConfiguration;
			buildSettings = {
				ALWAYS_SEARCH_USER_PATHS = NO;
				CLANG_ANALYZER_NONNULL = YES;
				CLANG_ANALYZER_NUMBER_OBJECT_CONVERSION = YES_AGGRESSIVE;
				CLANG_CXX_LANGUAGE_STANDARD = "gnu++17";
				CLANG_CXX_LIBRARY = "libc++";
				CLANG_ENABLE_MODULES = YES;
				CLANG_ENABLE_OBJC_ARC = YES;
				CLANG_ENABLE_OBJC_WEAK = YES;
				CLANG_WARN_BLOCK_CAPTURE_AUTORELEASING = YES;
				CLANG_WARN_BOOL_CONVERSION = YES;
				CLANG_WARN_COMMA = YES;
				CLANG_WARN_CONSTANT_CONVERSION = YES;
				CLANG_WARN_DEPRECATED_OBJC_IMPLEMENTATIONS = YES;
				CLANG_WARN_DIRECT_OBJC_ISA_USAGE = YES_ERROR;
				CLANG_WARN_DOCUMENTATION_COMMENTS = YES;
				CLANG_WARN_EMPTY_BODY = YES;
				CLANG_WARN_ENUM_CONVERSION = YES;
				CLANG_WARN_INFINITE_RECURSION = YES;
				CLANG_WARN_INT_CONVERSION = YES;
				CLANG_WARN_NON_LITERAL_NULL_CONVERSION = YES;
				CLANG_WARN_OBJC_IMPLICIT_RETAIN_SELF = YES;
				CLANG_WARN_OBJC_LITERAL_CONVERSION = YES;
				CLANG_WARN_OBJC_ROOT_CLASS = YES_ERROR;
				CLANG_WARN_QUOTED_INCLUDE_IN_FRAMEWORK_HEADER = YES;
				CLANG_WARN_RANGE_LOOP_ANALYSIS = YES;
				CLANG_WARN_STRICT_PROTOTYPES = YES;
				CLANG_WARN_SUSPICIOUS_MOVE = YES;
				CLANG_WARN_UNGUARDED_AVAILABILITY = YES_AGGRESSIVE;
				CLANG_WARN_UNREACHABLE_CODE = YES;
				CLANG_WARN__DUPLICATE_METHOD_MATCH = YES;
				COPY_PHASE_STRIP = NO;
				DEBUG_INFORMATION_FORMAT = dwarf;
				ENABLE_STRICT_OBJC_MSGSEND = YES;
				ENABLE_TESTABILITY = YES;
				GCC_C_LANGUAGE_STANDARD = gnu11;
				GCC_DYNAMIC_NO_PIC = NO;
				GCC_NO_COMMON_BLOCKS = YES;
				GCC_OPTIMIZATION_LEVEL = 0;
				GCC_PREPROCESSOR_DEFINITIONS = (
					"DEBUG=1",
					"$(inherited)",
				);
				GCC_WARN_64_TO_32_BIT_CONVERSION = YES;
				GCC_WARN_ABOUT_RETURN_TYPE = YES_ERROR;
				GCC_WARN_UNDECLARED_SELECTOR = YES;
				GCC_WARN_UNINITIALIZED_AUTOS = YES_AGGRESSIVE;
				GCC_WARN_UNUSED_FUNCTION = YES;
				GCC_WARN_UNUSED_VARIABLE = YES;
				IPHONEOS_DEPLOYMENT_TARGET = 15.0;
				MTL_ENABLE_DEBUG_INFO = INCLUDE_SOURCE;
				MTL_FAST_MATH = YES;
				ONLY_ACTIVE_ARCH = YES;
				SDKROOT = iphoneos;
				SWIFT_ACTIVE_COMPILATION_CONDITIONS = DEBUG;
				SWIFT_OPTIMIZATION_LEVEL = "-Onone";
			};
			name = Debug;
		};
		873552D2270D847B00F2DDBD /* Release */ = {
			isa = XCBuildConfiguration;
			buildSettings = {
				ALWAYS_SEARCH_USER_PATHS = NO;
				CLANG_ANALYZER_NONNULL = YES;
				CLANG_ANALYZER_NUMBER_OBJECT_CONVERSION = YES_AGGRESSIVE;
				CLANG_CXX_LANGUAGE_STANDARD = "gnu++17";
				CLANG_CXX_LIBRARY = "libc++";
				CLANG_ENABLE_MODULES = YES;
				CLANG_ENABLE_OBJC_ARC = YES;
				CLANG_ENABLE_OBJC_WEAK = YES;
				CLANG_WARN_BLOCK_CAPTURE_AUTORELEASING = YES;
				CLANG_WARN_BOOL_CONVERSION = YES;
				CLANG_WARN_COMMA = YES;
				CLANG_WARN_CONSTANT_CONVERSION = YES;
				CLANG_WARN_DEPRECATED_OBJC_IMPLEMENTATIONS = YES;
				CLANG_WARN_DIRECT_OBJC_ISA_USAGE = YES_ERROR;
				CLANG_WARN_DOCUMENTATION_COMMENTS = YES;
				CLANG_WARN_EMPTY_BODY = YES;
				CLANG_WARN_ENUM_CONVERSION = YES;
				CLANG_WARN_INFINITE_RECURSION = YES;
				CLANG_WARN_INT_CONVERSION = YES;
				CLANG_WARN_NON_LITERAL_NULL_CONVERSION = YES;
				CLANG_WARN_OBJC_IMPLICIT_RETAIN_SELF = YES;
				CLANG_WARN_OBJC_LITERAL_CONVERSION = YES;
				CLANG_WARN_OBJC_ROOT_CLASS = YES_ERROR;
				CLANG_WARN_QUOTED_INCLUDE_IN_FRAMEWORK_HEADER = YES;
				CLANG_WARN_RANGE_LOOP_ANALYSIS = YES;
				CLANG_WARN_STRICT_PROTOTYPES = YES;
				CLANG_WARN_SUSPICIOUS_MOVE = YES;
				CLANG_WARN_UNGUARDED_AVAILABILITY = YES_AGGRESSIVE;
				CLANG_WARN_UNREACHABLE_CODE = YES;
				CLANG_WARN__DUPLICATE_METHOD_MATCH = YES;
				COPY_PHASE_STRIP = NO;
				DEBUG_INFORMATION_FORMAT = "dwarf-with-dsym";
				ENABLE_NS_ASSERTIONS = NO;
				ENABLE_STRICT_OBJC_MSGSEND = YES;
				GCC_C_LANGUAGE_STANDARD = gnu11;
				GCC_NO_COMMON_BLOCKS = YES;
				GCC_WARN_64_TO_32_BIT_CONVERSION = YES;
				GCC_WARN_ABOUT_RETURN_TYPE = YES_ERROR;
				GCC_WARN_UNDECLARED_SELECTOR = YES;
				GCC_WARN_UNINITIALIZED_AUTOS = YES_AGGRESSIVE;
				GCC_WARN_UNUSED_FUNCTION = YES;
				GCC_WARN_UNUSED_VARIABLE = YES;
				IPHONEOS_DEPLOYMENT_TARGET = 15.0;
				MTL_ENABLE_DEBUG_INFO = NO;
				MTL_FAST_MATH = YES;
				SDKROOT = iphoneos;
				SWIFT_COMPILATION_MODE = wholemodule;
				SWIFT_OPTIMIZATION_LEVEL = "-O";
				VALIDATE_PRODUCT = YES;
			};
			name = Release;
		};
		873552D4270D847B00F2DDBD /* Debug */ = {
			isa = XCBuildConfiguration;
			buildSettings = {
				ASSETCATALOG_COMPILER_APPICON_NAME = AppIcon;
				ASSETCATALOG_COMPILER_GLOBAL_ACCENT_COLOR_NAME = AccentColor;
				CODE_SIGN_ENTITLEMENTS = easyselling/easyselling.entitlements;
				CODE_SIGN_IDENTITY = "iPhone Developer";
				CODE_SIGN_STYLE = Manual;
				CURRENT_PROJECT_VERSION = 1;
				DEVELOPMENT_ASSET_PATHS = "\"easyselling/Preview Content\"";
				DEVELOPMENT_TEAM = 94FLWD5X32;
				ENABLE_PREVIEWS = YES;
				GENERATE_INFOPLIST_FILE = YES;
				INFOPLIST_KEY_UIApplicationSceneManifest_Generation = YES;
				INFOPLIST_KEY_UIApplicationSupportsIndirectInputEvents = YES;
				INFOPLIST_KEY_UILaunchScreen_Generation = YES;
				INFOPLIST_KEY_UISupportedInterfaceOrientations_iPad = "UIInterfaceOrientationPortrait UIInterfaceOrientationPortraitUpsideDown UIInterfaceOrientationLandscapeLeft UIInterfaceOrientationLandscapeRight";
				INFOPLIST_KEY_UISupportedInterfaceOrientations_iPhone = "UIInterfaceOrientationPortrait UIInterfaceOrientationLandscapeLeft UIInterfaceOrientationLandscapeRight";
				IPHONEOS_DEPLOYMENT_TARGET = 14.0;
				LD_RUNPATH_SEARCH_PATHS = (
					"$(inherited)",
					"@executable_path/Frameworks",
				);
				MARKETING_VERSION = 1.0;
				PRODUCT_BUNDLE_IDENTIFIER = com.ydays.easyselling;
				PRODUCT_NAME = "$(TARGET_NAME)";
				PROVISIONING_PROFILE_SPECIFIER = "match Development com.ydays.easyselling";
				SWIFT_EMIT_LOC_STRINGS = YES;
				SWIFT_VERSION = 5.0;
				TARGETED_DEVICE_FAMILY = "1,2";
			};
			name = Debug;
		};
		873552D5270D847B00F2DDBD /* Release */ = {
			isa = XCBuildConfiguration;
			buildSettings = {
				ASSETCATALOG_COMPILER_APPICON_NAME = AppIcon;
				ASSETCATALOG_COMPILER_GLOBAL_ACCENT_COLOR_NAME = AccentColor;
				CODE_SIGN_ENTITLEMENTS = easyselling/easyselling.entitlements;
				CODE_SIGN_IDENTITY = "iPhone Distribution";
				CODE_SIGN_STYLE = Manual;
				CURRENT_PROJECT_VERSION = 1;
				DEVELOPMENT_ASSET_PATHS = "\"easyselling/Preview Content\"";
				DEVELOPMENT_TEAM = 94FLWD5X32;
				ENABLE_PREVIEWS = YES;
				GENERATE_INFOPLIST_FILE = YES;
				INFOPLIST_KEY_UIApplicationSceneManifest_Generation = YES;
				INFOPLIST_KEY_UIApplicationSupportsIndirectInputEvents = YES;
				INFOPLIST_KEY_UILaunchScreen_Generation = YES;
				INFOPLIST_KEY_UISupportedInterfaceOrientations_iPad = "UIInterfaceOrientationPortrait UIInterfaceOrientationPortraitUpsideDown UIInterfaceOrientationLandscapeLeft UIInterfaceOrientationLandscapeRight";
				INFOPLIST_KEY_UISupportedInterfaceOrientations_iPhone = "UIInterfaceOrientationPortrait UIInterfaceOrientationLandscapeLeft UIInterfaceOrientationLandscapeRight";
				IPHONEOS_DEPLOYMENT_TARGET = 14.0;
				LD_RUNPATH_SEARCH_PATHS = (
					"$(inherited)",
					"@executable_path/Frameworks",
				);
				MARKETING_VERSION = 1.0;
				PRODUCT_BUNDLE_IDENTIFIER = com.ydays.easyselling;
				PRODUCT_NAME = "$(TARGET_NAME)";
				PROVISIONING_PROFILE_SPECIFIER = "match AppStore com.ydays.easyselling";
				SWIFT_EMIT_LOC_STRINGS = YES;
				SWIFT_VERSION = 5.0;
				TARGETED_DEVICE_FAMILY = "1,2";
			};
			name = Release;
		};
		873552D7270D847B00F2DDBD /* Debug */ = {
			isa = XCBuildConfiguration;
			buildSettings = {
				ALWAYS_EMBED_SWIFT_STANDARD_LIBRARIES = YES;
				BUNDLE_LOADER = "$(TEST_HOST)";
				CODE_SIGN_STYLE = Manual;
				CURRENT_PROJECT_VERSION = 1;
				DEVELOPMENT_TEAM = 94FLWD5X32;
				GENERATE_INFOPLIST_FILE = YES;
				IPHONEOS_DEPLOYMENT_TARGET = 14.0;
				LD_RUNPATH_SEARCH_PATHS = (
					"$(inherited)",
					"@executable_path/Frameworks",
					"@loader_path/Frameworks",
				);
				MARKETING_VERSION = 1.0;
				PRODUCT_BUNDLE_IDENTIFIER = com.ydays.easysellingTests;
				PRODUCT_NAME = "$(TARGET_NAME)";
				SWIFT_EMIT_LOC_STRINGS = NO;
				SWIFT_VERSION = 5.0;
				TARGETED_DEVICE_FAMILY = "1,2";
				TEST_HOST = "$(BUILT_PRODUCTS_DIR)/easyselling.app/easyselling";
			};
			name = Debug;
		};
		873552D8270D847B00F2DDBD /* Release */ = {
			isa = XCBuildConfiguration;
			buildSettings = {
				ALWAYS_EMBED_SWIFT_STANDARD_LIBRARIES = YES;
				BUNDLE_LOADER = "$(TEST_HOST)";
				CODE_SIGN_STYLE = Manual;
				CURRENT_PROJECT_VERSION = 1;
				DEVELOPMENT_TEAM = 94FLWD5X32;
				GENERATE_INFOPLIST_FILE = YES;
				IPHONEOS_DEPLOYMENT_TARGET = 14.0;
				LD_RUNPATH_SEARCH_PATHS = (
					"$(inherited)",
					"@executable_path/Frameworks",
					"@loader_path/Frameworks",
				);
				MARKETING_VERSION = 1.0;
				PRODUCT_BUNDLE_IDENTIFIER = com.ydays.easysellingTests;
				PRODUCT_NAME = "$(TARGET_NAME)";
				SWIFT_EMIT_LOC_STRINGS = NO;
				SWIFT_VERSION = 5.0;
				TARGETED_DEVICE_FAMILY = "1,2";
				TEST_HOST = "$(BUILT_PRODUCTS_DIR)/easyselling.app/easyselling";
			};
			name = Release;
		};
/* End XCBuildConfiguration section */

/* Begin XCConfigurationList section */
		873552AA270D847700F2DDBD /* Build configuration list for PBXProject "easyselling" */ = {
			isa = XCConfigurationList;
			buildConfigurations = (
				873552D1270D847B00F2DDBD /* Debug */,
				873552D2270D847B00F2DDBD /* Release */,
			);
			defaultConfigurationIsVisible = 0;
			defaultConfigurationName = Release;
		};
		873552D3270D847B00F2DDBD /* Build configuration list for PBXNativeTarget "easyselling" */ = {
			isa = XCConfigurationList;
			buildConfigurations = (
				873552D4270D847B00F2DDBD /* Debug */,
				873552D5270D847B00F2DDBD /* Release */,
			);
			defaultConfigurationIsVisible = 0;
			defaultConfigurationName = Release;
		};
		873552D6270D847B00F2DDBD /* Build configuration list for PBXNativeTarget "easysellingTests" */ = {
			isa = XCConfigurationList;
			buildConfigurations = (
				873552D7270D847B00F2DDBD /* Debug */,
				873552D8270D847B00F2DDBD /* Release */,
			);
			defaultConfigurationIsVisible = 0;
			defaultConfigurationName = Release;
		};
/* End XCConfigurationList section */
	};
	rootObject = 873552A7270D847700F2DDBD /* Project object */;
}
