// !$*UTF8*$!
{
	archiveVersion = 1;
	classes = {
	};
	objectVersion = 55;
	objects = {

/* Begin PBXBuildFile section */
		033F4AF32718C8A800B79149 /* NetFox in Frameworks */ = {isa = PBXBuildFile; productRef = 033F4AF22718C8A800B79149 /* NetFox */; };
		035E860427184EDC00684ED0 /* AppDelegate.swift in Sources */ = {isa = PBXBuildFile; fileRef = 035E860327184EDC00684ED0 /* AppDelegate.swift */; };
		035E860627188E9300684ED0 /* DefaultAccountCreator.swift in Sources */ = {isa = PBXBuildFile; fileRef = 035E860527188E9300684ED0 /* DefaultAccountCreator.swift */; };
		035E860827188EB800684ED0 /* DefaultAccountCreator_Specs.swift in Sources */ = {isa = PBXBuildFile; fileRef = 035E860727188EB800684ED0 /* DefaultAccountCreator_Specs.swift */; };
		035E860A2718982A00684ED0 /* HTTPEndpoint.swift in Sources */ = {isa = PBXBuildFile; fileRef = 035E86092718982A00684ED0 /* HTTPEndpoint.swift */; };
		035E860C2718A3AB00684ED0 /* HTTPError.swift in Sources */ = {isa = PBXBuildFile; fileRef = 035E860B2718A3AB00684ED0 /* HTTPError.swift */; };
		0382E29A27175FB700EB570E /* AccountCreationScenario_Specs.swift in Sources */ = {isa = PBXBuildFile; fileRef = 0382E29927175FB700EB570E /* AccountCreationScenario_Specs.swift */; };
		0382E29D2717639A00EB570E /* TypesAlias.swift in Sources */ = {isa = PBXBuildFile; fileRef = 0382E29C2717639A00EB570E /* TypesAlias.swift */; };
		0382E29F2717647500EB570E /* AccountCreationScenario.swift in Sources */ = {isa = PBXBuildFile; fileRef = 0382E29E2717647500EB570E /* AccountCreationScenario.swift */; };
		0382E2A4271765B800EB570E /* AccountCreationView.swift in Sources */ = {isa = PBXBuildFile; fileRef = 0382E2A3271765B800EB570E /* AccountCreationView.swift */; };
		0382E2A62717664000EB570E /* AccountCreationViewModel.swift in Sources */ = {isa = PBXBuildFile; fileRef = 0382E2A52717664000EB570E /* AccountCreationViewModel.swift */; };
		0382E2A82717668300EB570E /* AccountCreationViewModel_Specs.swift in Sources */ = {isa = PBXBuildFile; fileRef = 0382E2A72717668300EB570E /* AccountCreationViewModel_Specs.swift */; };
		0382E2AA2718186100EB570E /* DefaultInformationsVerificator_Specs.swift in Sources */ = {isa = PBXBuildFile; fileRef = 0382E2A92718186100EB570E /* DefaultInformationsVerificator_Specs.swift */; };
		0382E2AC2718190B00EB570E /* DefaultInformationsVerificator.swift in Sources */ = {isa = PBXBuildFile; fileRef = 0382E2AB2718190B00EB570E /* DefaultInformationsVerificator.swift */; };
		03F05431271B392300434706 /* SucceedingInformationsVerificator.swift in Sources */ = {isa = PBXBuildFile; fileRef = 03F05430271B392300434706 /* SucceedingInformationsVerificator.swift */; };
		03F05433271B393100434706 /* FailingInformationsVerificator.swift in Sources */ = {isa = PBXBuildFile; fileRef = 03F05432271B393100434706 /* FailingInformationsVerificator.swift */; };
		03F05435271B393B00434706 /* NeverFinishingInformationsVerificator.swift in Sources */ = {isa = PBXBuildFile; fileRef = 03F05434271B393B00434706 /* NeverFinishingInformationsVerificator.swift */; };
		03F05439271B3E8300434706 /* SucceedingAPICaller.swift in Sources */ = {isa = PBXBuildFile; fileRef = 03F05438271B3E8300434706 /* SucceedingAPICaller.swift */; };
		03F0543C271B3E9A00434706 /* FailingAPICaller.swift in Sources */ = {isa = PBXBuildFile; fileRef = 03F0543B271B3E9A00434706 /* FailingAPICaller.swift */; };
		03F0543F271B3F0A00434706 /* FakeRequestGenerator.swift in Sources */ = {isa = PBXBuildFile; fileRef = 03F0543E271B3F0A00434706 /* FakeRequestGenerator.swift */; };
		03F05441271B3F7700434706 /* SuccedingAccountCreator.swift in Sources */ = {isa = PBXBuildFile; fileRef = 03F05440271B3F7700434706 /* SuccedingAccountCreator.swift */; };
		03F05443271B3F9D00434706 /* FailingAccountCreator.swift in Sources */ = {isa = PBXBuildFile; fileRef = 03F05442271B3F9D00434706 /* FailingAccountCreator.swift */; };
		03F2097B2716E2B100E10F6C /* localizable.strings in Resources */ = {isa = PBXBuildFile; fileRef = 03F2097D2716E2B100E10F6C /* localizable.strings */; };
		03F209802716E2CB00E10F6C /* localizable.strings in Resources */ = {isa = PBXBuildFile; fileRef = 03F209822716E2CB00E10F6C /* localizable.strings */; };
		03F209862716EECA00E10F6C /* Strings+Generated.swift in Sources */ = {isa = PBXBuildFile; fileRef = 03F209842716EEC900E10F6C /* Strings+Generated.swift */; };
		03F209872716EECA00E10F6C /* XCAssets+Generated.swift in Sources */ = {isa = PBXBuildFile; fileRef = 03F209852716EECA00E10F6C /* XCAssets+Generated.swift */; };
		873552B7270D847B00F2DDBD /* Assets.xcassets in Resources */ = {isa = PBXBuildFile; fileRef = 873552B6270D847B00F2DDBD /* Assets.xcassets */; };
		873552BA270D847B00F2DDBD /* Preview Assets.xcassets in Resources */ = {isa = PBXBuildFile; fileRef = 873552B9270D847B00F2DDBD /* Preview Assets.xcassets */; };
		87780BA127172F520035AB13 /* UrlSessionProtocol.swift in Sources */ = {isa = PBXBuildFile; fileRef = 87780BA027172F520035AB13 /* UrlSessionProtocol.swift */; };
		87780BA327172F5A0035AB13 /* URLSession+Extensions.swift in Sources */ = {isa = PBXBuildFile; fileRef = 87780BA227172F5A0035AB13 /* URLSession+Extensions.swift */; };
		87780BA527172F610035AB13 /* HTTPMethod.swift in Sources */ = {isa = PBXBuildFile; fileRef = 87780BA427172F610035AB13 /* HTTPMethod.swift */; };
		87780BA827172F780035AB13 /* DefaultAPICaller_Specs.swift in Sources */ = {isa = PBXBuildFile; fileRef = 87780BA627172F780035AB13 /* DefaultAPICaller_Specs.swift */; };
		87780BA927172F780035AB13 /* DefaultRequestGenerator_Specs.swift in Sources */ = {isa = PBXBuildFile; fileRef = 87780BA727172F780035AB13 /* DefaultRequestGenerator_Specs.swift */; };
		87780BAD271730100035AB13 /* DefaultRequestGenerator.swift in Sources */ = {isa = PBXBuildFile; fileRef = 87780BAB271730100035AB13 /* DefaultRequestGenerator.swift */; };
		87780BAE271730100035AB13 /* DefaultAPICaller.swift in Sources */ = {isa = PBXBuildFile; fileRef = 87780BAC271730100035AB13 /* DefaultAPICaller.swift */; };
		D00736582712D93800ED0F2C /* AuthenticationServices.framework in Frameworks */ = {isa = PBXBuildFile; fileRef = D00736572712D93800ED0F2C /* AuthenticationServices.framework */; };
/* End PBXBuildFile section */

/* Begin PBXContainerItemProxy section */
		873552C0270D847B00F2DDBD /* PBXContainerItemProxy */ = {
			isa = PBXContainerItemProxy;
			containerPortal = 873552A7270D847700F2DDBD /* Project object */;
			proxyType = 1;
			remoteGlobalIDString = 873552AE270D847700F2DDBD;
			remoteInfo = easyselling;
		};
/* End PBXContainerItemProxy section */

/* Begin PBXFileReference section */
		035E860327184EDC00684ED0 /* AppDelegate.swift */ = {isa = PBXFileReference; lastKnownFileType = sourcecode.swift; path = AppDelegate.swift; sourceTree = "<group>"; };
		035E860527188E9300684ED0 /* DefaultAccountCreator.swift */ = {isa = PBXFileReference; lastKnownFileType = sourcecode.swift; path = DefaultAccountCreator.swift; sourceTree = "<group>"; };
		035E860727188EB800684ED0 /* DefaultAccountCreator_Specs.swift */ = {isa = PBXFileReference; lastKnownFileType = sourcecode.swift; path = DefaultAccountCreator_Specs.swift; sourceTree = "<group>"; };
		035E86092718982A00684ED0 /* HTTPEndpoint.swift */ = {isa = PBXFileReference; lastKnownFileType = sourcecode.swift; path = HTTPEndpoint.swift; sourceTree = "<group>"; };
		035E860B2718A3AB00684ED0 /* HTTPError.swift */ = {isa = PBXFileReference; lastKnownFileType = sourcecode.swift; path = HTTPError.swift; sourceTree = "<group>"; };
		0382E29927175FB700EB570E /* AccountCreationScenario_Specs.swift */ = {isa = PBXFileReference; lastKnownFileType = sourcecode.swift; path = AccountCreationScenario_Specs.swift; sourceTree = "<group>"; };
		0382E29C2717639A00EB570E /* TypesAlias.swift */ = {isa = PBXFileReference; lastKnownFileType = sourcecode.swift; path = TypesAlias.swift; sourceTree = "<group>"; };
		0382E29E2717647500EB570E /* AccountCreationScenario.swift */ = {isa = PBXFileReference; lastKnownFileType = sourcecode.swift; path = AccountCreationScenario.swift; sourceTree = "<group>"; };
		0382E2A3271765B800EB570E /* AccountCreationView.swift */ = {isa = PBXFileReference; lastKnownFileType = sourcecode.swift; path = AccountCreationView.swift; sourceTree = "<group>"; };
		0382E2A52717664000EB570E /* AccountCreationViewModel.swift */ = {isa = PBXFileReference; lastKnownFileType = sourcecode.swift; path = AccountCreationViewModel.swift; sourceTree = "<group>"; };
		0382E2A72717668300EB570E /* AccountCreationViewModel_Specs.swift */ = {isa = PBXFileReference; lastKnownFileType = sourcecode.swift; path = AccountCreationViewModel_Specs.swift; sourceTree = "<group>"; };
		0382E2A92718186100EB570E /* DefaultInformationsVerificator_Specs.swift */ = {isa = PBXFileReference; lastKnownFileType = sourcecode.swift; path = DefaultInformationsVerificator_Specs.swift; sourceTree = "<group>"; };
		0382E2AB2718190B00EB570E /* DefaultInformationsVerificator.swift */ = {isa = PBXFileReference; lastKnownFileType = sourcecode.swift; path = DefaultInformationsVerificator.swift; sourceTree = "<group>"; };
		03F05430271B392300434706 /* SucceedingInformationsVerificator.swift */ = {isa = PBXFileReference; lastKnownFileType = sourcecode.swift; path = SucceedingInformationsVerificator.swift; sourceTree = "<group>"; };
		03F05432271B393100434706 /* FailingInformationsVerificator.swift */ = {isa = PBXFileReference; lastKnownFileType = sourcecode.swift; path = FailingInformationsVerificator.swift; sourceTree = "<group>"; };
		03F05434271B393B00434706 /* NeverFinishingInformationsVerificator.swift */ = {isa = PBXFileReference; lastKnownFileType = sourcecode.swift; path = NeverFinishingInformationsVerificator.swift; sourceTree = "<group>"; };
		03F05438271B3E8300434706 /* SucceedingAPICaller.swift */ = {isa = PBXFileReference; lastKnownFileType = sourcecode.swift; path = SucceedingAPICaller.swift; sourceTree = "<group>"; };
		03F0543B271B3E9A00434706 /* FailingAPICaller.swift */ = {isa = PBXFileReference; lastKnownFileType = sourcecode.swift; path = FailingAPICaller.swift; sourceTree = "<group>"; };
		03F0543E271B3F0A00434706 /* FakeRequestGenerator.swift */ = {isa = PBXFileReference; lastKnownFileType = sourcecode.swift; path = FakeRequestGenerator.swift; sourceTree = "<group>"; };
		03F05440271B3F7700434706 /* SuccedingAccountCreator.swift */ = {isa = PBXFileReference; lastKnownFileType = sourcecode.swift; path = SuccedingAccountCreator.swift; sourceTree = "<group>"; };
		03F05442271B3F9D00434706 /* FailingAccountCreator.swift */ = {isa = PBXFileReference; lastKnownFileType = sourcecode.swift; path = FailingAccountCreator.swift; sourceTree = "<group>"; };
		03F2097C2716E2B100E10F6C /* fr */ = {isa = PBXFileReference; lastKnownFileType = text.plist.strings; name = fr; path = fr.lproj/localizable.strings; sourceTree = "<group>"; };
		03F209812716E2CB00E10F6C /* en */ = {isa = PBXFileReference; lastKnownFileType = text.plist.strings; name = en; path = en.lproj/localizable.strings; sourceTree = "<group>"; };
		03F209842716EEC900E10F6C /* Strings+Generated.swift */ = {isa = PBXFileReference; fileEncoding = 4; lastKnownFileType = sourcecode.swift; path = "Strings+Generated.swift"; sourceTree = "<group>"; };
		03F209852716EECA00E10F6C /* XCAssets+Generated.swift */ = {isa = PBXFileReference; fileEncoding = 4; lastKnownFileType = sourcecode.swift; path = "XCAssets+Generated.swift"; sourceTree = "<group>"; };
		873552AF270D847700F2DDBD /* easyselling.app */ = {isa = PBXFileReference; explicitFileType = wrapper.application; includeInIndex = 0; path = easyselling.app; sourceTree = BUILT_PRODUCTS_DIR; };
		873552B6270D847B00F2DDBD /* Assets.xcassets */ = {isa = PBXFileReference; lastKnownFileType = folder.assetcatalog; path = Assets.xcassets; sourceTree = "<group>"; };
		873552B9270D847B00F2DDBD /* Preview Assets.xcassets */ = {isa = PBXFileReference; lastKnownFileType = folder.assetcatalog; path = "Preview Assets.xcassets"; sourceTree = "<group>"; };
		873552BF270D847B00F2DDBD /* easysellingTests.xctest */ = {isa = PBXFileReference; explicitFileType = wrapper.cfbundle; includeInIndex = 0; path = easysellingTests.xctest; sourceTree = BUILT_PRODUCTS_DIR; };
		87780BA027172F520035AB13 /* UrlSessionProtocol.swift */ = {isa = PBXFileReference; fileEncoding = 4; lastKnownFileType = sourcecode.swift; path = UrlSessionProtocol.swift; sourceTree = "<group>"; };
		87780BA227172F5A0035AB13 /* URLSession+Extensions.swift */ = {isa = PBXFileReference; fileEncoding = 4; lastKnownFileType = sourcecode.swift; path = "URLSession+Extensions.swift"; sourceTree = "<group>"; };
		87780BA427172F610035AB13 /* HTTPMethod.swift */ = {isa = PBXFileReference; fileEncoding = 4; lastKnownFileType = sourcecode.swift; path = HTTPMethod.swift; sourceTree = "<group>"; };
		87780BA627172F780035AB13 /* DefaultAPICaller_Specs.swift */ = {isa = PBXFileReference; fileEncoding = 4; lastKnownFileType = sourcecode.swift; path = DefaultAPICaller_Specs.swift; sourceTree = "<group>"; };
		87780BA727172F780035AB13 /* DefaultRequestGenerator_Specs.swift */ = {isa = PBXFileReference; fileEncoding = 4; lastKnownFileType = sourcecode.swift; path = DefaultRequestGenerator_Specs.swift; sourceTree = "<group>"; };
		87780BAB271730100035AB13 /* DefaultRequestGenerator.swift */ = {isa = PBXFileReference; fileEncoding = 4; lastKnownFileType = sourcecode.swift; path = DefaultRequestGenerator.swift; sourceTree = "<group>"; };
		87780BAC271730100035AB13 /* DefaultAPICaller.swift */ = {isa = PBXFileReference; fileEncoding = 4; lastKnownFileType = sourcecode.swift; path = DefaultAPICaller.swift; sourceTree = "<group>"; };
		D00736552712D93800ED0F2C /* easyselling.entitlements */ = {isa = PBXFileReference; lastKnownFileType = text.plist.entitlements; path = easyselling.entitlements; sourceTree = "<group>"; };
		D00736572712D93800ED0F2C /* AuthenticationServices.framework */ = {isa = PBXFileReference; lastKnownFileType = wrapper.framework; name = AuthenticationServices.framework; path = System/Library/Frameworks/AuthenticationServices.framework; sourceTree = SDKROOT; };
/* End PBXFileReference section */

/* Begin PBXFrameworksBuildPhase section */
		873552AC270D847700F2DDBD /* Frameworks */ = {
			isa = PBXFrameworksBuildPhase;
			buildActionMask = 2147483647;
			files = (
				033F4AF32718C8A800B79149 /* NetFox in Frameworks */,
				D00736582712D93800ED0F2C /* AuthenticationServices.framework in Frameworks */,
			);
			runOnlyForDeploymentPostprocessing = 0;
		};
		873552BC270D847B00F2DDBD /* Frameworks */ = {
			isa = PBXFrameworksBuildPhase;
			buildActionMask = 2147483647;
			files = (
			);
			runOnlyForDeploymentPostprocessing = 0;
		};
/* End PBXFrameworksBuildPhase section */

/* Begin PBXGroup section */
		0382E29B2717638400EB570E /* TypeAlias */ = {
			isa = PBXGroup;
			children = (
				0382E29C2717639A00EB570E /* TypesAlias.swift */,
			);
			path = TypeAlias;
			sourceTree = "<group>";
		};
		0382E2A12717648000EB570E /* Scenario */ = {
			isa = PBXGroup;
			children = (
				0382E2A22717648700EB570E /* AccountCreation */,
			);
			path = Scenario;
			sourceTree = "<group>";
		};
		0382E2A22717648700EB570E /* AccountCreation */ = {
			isa = PBXGroup;
			children = (
				0382E2A3271765B800EB570E /* AccountCreationView.swift */,
				0382E29E2717647500EB570E /* AccountCreationScenario.swift */,
				0382E2A52717664000EB570E /* AccountCreationViewModel.swift */,
				0382E2AB2718190B00EB570E /* DefaultInformationsVerificator.swift */,
				035E860527188E9300684ED0 /* DefaultAccountCreator.swift */,
			);
			path = AccountCreation;
			sourceTree = "<group>";
		};
		03F0542F271B38EB00434706 /* DefaultInformationVerificator_Specs */ = {
			isa = PBXGroup;
			children = (
				0382E2A92718186100EB570E /* DefaultInformationsVerificator_Specs.swift */,
				03F05430271B392300434706 /* SucceedingInformationsVerificator.swift */,
				03F05432271B393100434706 /* FailingInformationsVerificator.swift */,
				03F05434271B393B00434706 /* NeverFinishingInformationsVerificator.swift */,
			);
			path = DefaultInformationVerificator_Specs;
			sourceTree = "<group>";
		};
		03F05436271B3E3900434706 /* DefaultAccountCreator_Specs */ = {
			isa = PBXGroup;
			children = (
				035E860727188EB800684ED0 /* DefaultAccountCreator_Specs.swift */,
				03F05440271B3F7700434706 /* SuccedingAccountCreator.swift */,
				03F05442271B3F9D00434706 /* FailingAccountCreator.swift */,
			);
			path = DefaultAccountCreator_Specs;
			sourceTree = "<group>";
		};
		03F05437271B3E6E00434706 /* DefaultAPICaller_Specs */ = {
			isa = PBXGroup;
			children = (
				87780BA627172F780035AB13 /* DefaultAPICaller_Specs.swift */,
				03F05438271B3E8300434706 /* SucceedingAPICaller.swift */,
				03F0543B271B3E9A00434706 /* FailingAPICaller.swift */,
			);
			path = DefaultAPICaller_Specs;
			sourceTree = "<group>";
		};
		03F0543D271B3EFB00434706 /* DefaultRequestGenerator_Specs */ = {
			isa = PBXGroup;
			children = (
				87780BA727172F780035AB13 /* DefaultRequestGenerator_Specs.swift */,
				03F0543E271B3F0A00434706 /* FakeRequestGenerator.swift */,
			);
			path = DefaultRequestGenerator_Specs;
			sourceTree = "<group>";
		};
		03F209762716E0AE00E10F6C /* Additions */ = {
			isa = PBXGroup;
			children = (
				03F209842716EEC900E10F6C /* Strings+Generated.swift */,
				03F209852716EECA00E10F6C /* XCAssets+Generated.swift */,
				873552B6270D847B00F2DDBD /* Assets.xcassets */,
			);
			path = Additions;
			sourceTree = "<group>";
		};
		03F209772716E1C500E10F6C /* Application */ = {
			isa = PBXGroup;
			children = (
				03F209782716E21100E10F6C /* Supporting Files */,
			);
			path = Application;
			sourceTree = "<group>";
		};
		03F209782716E21100E10F6C /* Supporting Files */ = {
			isa = PBXGroup;
			children = (
				03F209762716E0AE00E10F6C /* Additions */,
				03F2097D2716E2B100E10F6C /* localizable.strings */,
				03F209822716E2CB00E10F6C /* localizable.strings */,
			);
			path = "Supporting Files";
			sourceTree = "<group>";
		};
		873552A6270D847700F2DDBD = {
			isa = PBXGroup;
			children = (
				873552B1270D847700F2DDBD /* easyselling */,
				873552C2270D847B00F2DDBD /* easysellingTests */,
				873552B0270D847700F2DDBD /* Products */,
				D00736562712D93800ED0F2C /* Frameworks */,
			);
			sourceTree = "<group>";
		};
		873552B0270D847700F2DDBD /* Products */ = {
			isa = PBXGroup;
			children = (
				873552AF270D847700F2DDBD /* easyselling.app */,
				873552BF270D847B00F2DDBD /* easysellingTests.xctest */,
			);
			name = Products;
			sourceTree = "<group>";
		};
		873552B1270D847700F2DDBD /* easyselling */ = {
			isa = PBXGroup;
			children = (
				87780BAA27172FB10035AB13 /* Services */,
				87780B9C27172F1C0035AB13 /* Additions */,
				03F209772716E1C500E10F6C /* Application */,
				D00736552712D93800ED0F2C /* easyselling.entitlements */,
				873552B8270D847B00F2DDBD /* Preview Content */,
				0382E2A12717648000EB570E /* Scenario */,
				035E860327184EDC00684ED0 /* AppDelegate.swift */,
			);
			path = easyselling;
			sourceTree = "<group>";
		};
		873552B8270D847B00F2DDBD /* Preview Content */ = {
			isa = PBXGroup;
			children = (
				873552B9270D847B00F2DDBD /* Preview Assets.xcassets */,
			);
			path = "Preview Content";
			sourceTree = "<group>";
		};
		873552C2270D847B00F2DDBD /* easysellingTests */ = {
			isa = PBXGroup;
			children = (
				03F05436271B3E3900434706 /* DefaultAccountCreator_Specs */,
				03F05437271B3E6E00434706 /* DefaultAPICaller_Specs */,
				03F0543D271B3EFB00434706 /* DefaultRequestGenerator_Specs */,
				0382E29927175FB700EB570E /* AccountCreationScenario_Specs.swift */,
				0382E2A72717668300EB570E /* AccountCreationViewModel_Specs.swift */,
				03F0542F271B38EB00434706 /* DefaultInformationVerificator_Specs */,
			);
			path = easysellingTests;
			sourceTree = "<group>";
		};
		87780B9C27172F1C0035AB13 /* Additions */ = {
			isa = PBXGroup;
			children = (
				0382E29B2717638400EB570E /* TypeAlias */,
				87780B9D27172F250035AB13 /* Enums */,
				87780B9E27172F2C0035AB13 /* Extensions */,
				87780B9F27172F380035AB13 /* Protocols */,
			);
			path = Additions;
			sourceTree = "<group>";
		};
		87780B9D27172F250035AB13 /* Enums */ = {
			isa = PBXGroup;
			children = (
				87780BA427172F610035AB13 /* HTTPMethod.swift */,
				035E86092718982A00684ED0 /* HTTPEndpoint.swift */,
				035E860B2718A3AB00684ED0 /* HTTPError.swift */,
			);
			path = Enums;
			sourceTree = "<group>";
		};
		87780B9E27172F2C0035AB13 /* Extensions */ = {
			isa = PBXGroup;
			children = (
				87780BA227172F5A0035AB13 /* URLSession+Extensions.swift */,
			);
			path = Extensions;
			sourceTree = "<group>";
		};
		87780B9F27172F380035AB13 /* Protocols */ = {
			isa = PBXGroup;
			children = (
				87780BA027172F520035AB13 /* UrlSessionProtocol.swift */,
			);
			path = Protocols;
			sourceTree = "<group>";
		};
		87780BAA27172FB10035AB13 /* Services */ = {
			isa = PBXGroup;
			children = (
				87780BAB271730100035AB13 /* DefaultRequestGenerator.swift */,
				87780BAC271730100035AB13 /* DefaultAPICaller.swift */,
			);
			path = Services;
			sourceTree = "<group>";
		};
		D00736562712D93800ED0F2C /* Frameworks */ = {
			isa = PBXGroup;
			children = (
				D00736572712D93800ED0F2C /* AuthenticationServices.framework */,
			);
			name = Frameworks;
			sourceTree = "<group>";
		};
/* End PBXGroup section */

/* Begin PBXNativeTarget section */
		873552AE270D847700F2DDBD /* easyselling */ = {
			isa = PBXNativeTarget;
			buildConfigurationList = 873552D3270D847B00F2DDBD /* Build configuration list for PBXNativeTarget "easyselling" */;
			buildPhases = (
				87780B9527172D500035AB13 /* SwiftLint */,
				03F209832716E54000E10F6C /* SwiftGen */,
				873552AB270D847700F2DDBD /* Sources */,
				873552AC270D847700F2DDBD /* Frameworks */,
				873552AD270D847700F2DDBD /* Resources */,
			);
			buildRules = (
			);
			dependencies = (
			);
			name = easyselling;
			packageProductDependencies = (
				033F4AF22718C8A800B79149 /* NetFox */,
			);
			productName = easyselling;
			productReference = 873552AF270D847700F2DDBD /* easyselling.app */;
			productType = "com.apple.product-type.application";
		};
		873552BE270D847B00F2DDBD /* easysellingTests */ = {
			isa = PBXNativeTarget;
			buildConfigurationList = 873552D6270D847B00F2DDBD /* Build configuration list for PBXNativeTarget "easysellingTests" */;
			buildPhases = (
				873552BB270D847B00F2DDBD /* Sources */,
				873552BC270D847B00F2DDBD /* Frameworks */,
				873552BD270D847B00F2DDBD /* Resources */,
			);
			buildRules = (
			);
			dependencies = (
				873552C1270D847B00F2DDBD /* PBXTargetDependency */,
			);
			name = easysellingTests;
			productName = easysellingTests;
			productReference = 873552BF270D847B00F2DDBD /* easysellingTests.xctest */;
			productType = "com.apple.product-type.bundle.unit-test";
		};
/* End PBXNativeTarget section */

/* Begin PBXProject section */
		873552A7270D847700F2DDBD /* Project object */ = {
			isa = PBXProject;
			attributes = {
				BuildIndependentTargetsInParallel = 1;
				LastSwiftUpdateCheck = 1300;
				LastUpgradeCheck = 1300;
				TargetAttributes = {
					873552AE270D847700F2DDBD = {
						CreatedOnToolsVersion = 13.0;
					};
					873552BE270D847B00F2DDBD = {
						CreatedOnToolsVersion = 13.0;
						LastSwiftMigration = 1300;
						TestTargetID = 873552AE270D847700F2DDBD;
					};
				};
			};
			buildConfigurationList = 873552AA270D847700F2DDBD /* Build configuration list for PBXProject "easyselling" */;
			compatibilityVersion = "Xcode 13.0";
			developmentRegion = fr;
			hasScannedForEncodings = 0;
			knownRegions = (
				en,
				Base,
				fr,
			);
			mainGroup = 873552A6270D847700F2DDBD;
			packageReferences = (
				033F4AF12718C8A800B79149 /* XCRemoteSwiftPackageReference "netfox" */,
			);
			productRefGroup = 873552B0270D847700F2DDBD /* Products */;
			projectDirPath = "";
			projectRoot = "";
			targets = (
				873552AE270D847700F2DDBD /* easyselling */,
				873552BE270D847B00F2DDBD /* easysellingTests */,
			);
		};
/* End PBXProject section */

/* Begin PBXResourcesBuildPhase section */
		873552AD270D847700F2DDBD /* Resources */ = {
			isa = PBXResourcesBuildPhase;
			buildActionMask = 2147483647;
			files = (
				03F2097B2716E2B100E10F6C /* localizable.strings in Resources */,
				03F209802716E2CB00E10F6C /* localizable.strings in Resources */,
				873552BA270D847B00F2DDBD /* Preview Assets.xcassets in Resources */,
				873552B7270D847B00F2DDBD /* Assets.xcassets in Resources */,
			);
			runOnlyForDeploymentPostprocessing = 0;
		};
		873552BD270D847B00F2DDBD /* Resources */ = {
			isa = PBXResourcesBuildPhase;
			buildActionMask = 2147483647;
			files = (
			);
			runOnlyForDeploymentPostprocessing = 0;
		};
/* End PBXResourcesBuildPhase section */

/* Begin PBXShellScriptBuildPhase section */
		03F209832716E54000E10F6C /* SwiftGen */ = {
			isa = PBXShellScriptBuildPhase;
			buildActionMask = 2147483647;
			files = (
			);
			inputFileListPaths = (
			);
			inputPaths = (
				$PROJECT_DIR/$TARGET_NAME/swiftgen.yml,
			);
			name = SwiftGen;
			outputFileListPaths = (
			);
			outputPaths = (
			);
			runOnlyForDeploymentPostprocessing = 0;
			shellPath = /bin/sh;
			shellScript = "if which swiftgen >/dev/null; then\n  swiftgen\nelse\n  echo \"warning: SwiftGen not installed, download it from https://github.com/SwiftGen/SwiftGen\"\nfi\n";
		};
		87780B9527172D500035AB13 /* SwiftLint */ = {
			isa = PBXShellScriptBuildPhase;
			buildActionMask = 2147483647;
			files = (
			);
			inputFileListPaths = (
			);
			inputPaths = (
			);
			name = SwiftLint;
			outputFileListPaths = (
			);
			outputPaths = (
			);
			runOnlyForDeploymentPostprocessing = 0;
			shellPath = /bin/sh;
			shellScript = "if which swiftlint >/dev/null; then\n  swiftlint\nelse\n  echo \"warning: SwiftLint not installed, download from https://github.com/realm/SwiftLint\"\nfi\n";
		};
/* End PBXShellScriptBuildPhase section */

/* Begin PBXSourcesBuildPhase section */
		873552AB270D847700F2DDBD /* Sources */ = {
			isa = PBXSourcesBuildPhase;
			buildActionMask = 2147483647;
			files = (
				0382E2A4271765B800EB570E /* AccountCreationView.swift in Sources */,
				035E860427184EDC00684ED0 /* AppDelegate.swift in Sources */,
				0382E2A62717664000EB570E /* AccountCreationViewModel.swift in Sources */,
				87780BA527172F610035AB13 /* HTTPMethod.swift in Sources */,
				035E860C2718A3AB00684ED0 /* HTTPError.swift in Sources */,
				035E860627188E9300684ED0 /* DefaultAccountCreator.swift in Sources */,
				87780BA327172F5A0035AB13 /* URLSession+Extensions.swift in Sources */,
				0382E29D2717639A00EB570E /* TypesAlias.swift in Sources */,
				0382E2AC2718190B00EB570E /* DefaultInformationsVerificator.swift in Sources */,
				87780BAE271730100035AB13 /* DefaultAPICaller.swift in Sources */,
				03F209862716EECA00E10F6C /* Strings+Generated.swift in Sources */,
				0382E29F2717647500EB570E /* AccountCreationScenario.swift in Sources */,
				87780BAD271730100035AB13 /* DefaultRequestGenerator.swift in Sources */,
				03F209872716EECA00E10F6C /* XCAssets+Generated.swift in Sources */,
				87780BA127172F520035AB13 /* UrlSessionProtocol.swift in Sources */,
				035E860A2718982A00684ED0 /* HTTPEndpoint.swift in Sources */,
			);
			runOnlyForDeploymentPostprocessing = 0;
		};
		873552BB270D847B00F2DDBD /* Sources */ = {
			isa = PBXSourcesBuildPhase;
			buildActionMask = 2147483647;
			files = (
				03F05441271B3F7700434706 /* SuccedingAccountCreator.swift in Sources */,
				03F0543F271B3F0A00434706 /* FakeRequestGenerator.swift in Sources */,
				03F0543C271B3E9A00434706 /* FailingAPICaller.swift in Sources */,
				03F05433271B393100434706 /* FailingInformationsVerificator.swift in Sources */,
				0382E29A27175FB700EB570E /* AccountCreationScenario_Specs.swift in Sources */,
				87780BA927172F780035AB13 /* DefaultRequestGenerator_Specs.swift in Sources */,
				87780BA827172F780035AB13 /* DefaultAPICaller_Specs.swift in Sources */,
				035E860827188EB800684ED0 /* DefaultAccountCreator_Specs.swift in Sources */,
				03F05435271B393B00434706 /* NeverFinishingInformationsVerificator.swift in Sources */,
				0382E2AA2718186100EB570E /* DefaultInformationsVerificator_Specs.swift in Sources */,
				0382E2A82717668300EB570E /* AccountCreationViewModel_Specs.swift in Sources */,
				03F05443271B3F9D00434706 /* FailingAccountCreator.swift in Sources */,
				03F05431271B392300434706 /* SucceedingInformationsVerificator.swift in Sources */,
				03F05439271B3E8300434706 /* SucceedingAPICaller.swift in Sources */,
			);
			runOnlyForDeploymentPostprocessing = 0;
		};
/* End PBXSourcesBuildPhase section */

/* Begin PBXTargetDependency section */
		873552C1270D847B00F2DDBD /* PBXTargetDependency */ = {
			isa = PBXTargetDependency;
			target = 873552AE270D847700F2DDBD /* easyselling */;
			targetProxy = 873552C0270D847B00F2DDBD /* PBXContainerItemProxy */;
		};
/* End PBXTargetDependency section */

/* Begin PBXVariantGroup section */
		03F2097D2716E2B100E10F6C /* localizable.strings */ = {
			isa = PBXVariantGroup;
			children = (
				03F2097C2716E2B100E10F6C /* fr */,
			);
			name = localizable.strings;
			sourceTree = "<group>";
		};
		03F209822716E2CB00E10F6C /* localizable.strings */ = {
			isa = PBXVariantGroup;
			children = (
				03F209812716E2CB00E10F6C /* en */,
			);
			name = localizable.strings;
			sourceTree = "<group>";
		};
/* End PBXVariantGroup section */

/* Begin XCBuildConfiguration section */
		873552D1270D847B00F2DDBD /* Debug */ = {
			isa = XCBuildConfiguration;
			buildSettings = {
				ALWAYS_SEARCH_USER_PATHS = NO;
				CLANG_ANALYZER_NONNULL = YES;
				CLANG_ANALYZER_NUMBER_OBJECT_CONVERSION = YES_AGGRESSIVE;
				CLANG_CXX_LANGUAGE_STANDARD = "gnu++17";
				CLANG_CXX_LIBRARY = "libc++";
				CLANG_ENABLE_MODULES = YES;
				CLANG_ENABLE_OBJC_ARC = YES;
				CLANG_ENABLE_OBJC_WEAK = YES;
				CLANG_WARN_BLOCK_CAPTURE_AUTORELEASING = YES;
				CLANG_WARN_BOOL_CONVERSION = YES;
				CLANG_WARN_COMMA = YES;
				CLANG_WARN_CONSTANT_CONVERSION = YES;
				CLANG_WARN_DEPRECATED_OBJC_IMPLEMENTATIONS = YES;
				CLANG_WARN_DIRECT_OBJC_ISA_USAGE = YES_ERROR;
				CLANG_WARN_DOCUMENTATION_COMMENTS = YES;
				CLANG_WARN_EMPTY_BODY = YES;
				CLANG_WARN_ENUM_CONVERSION = YES;
				CLANG_WARN_INFINITE_RECURSION = YES;
				CLANG_WARN_INT_CONVERSION = YES;
				CLANG_WARN_NON_LITERAL_NULL_CONVERSION = YES;
				CLANG_WARN_OBJC_IMPLICIT_RETAIN_SELF = YES;
				CLANG_WARN_OBJC_LITERAL_CONVERSION = YES;
				CLANG_WARN_OBJC_ROOT_CLASS = YES_ERROR;
				CLANG_WARN_QUOTED_INCLUDE_IN_FRAMEWORK_HEADER = YES;
				CLANG_WARN_RANGE_LOOP_ANALYSIS = YES;
				CLANG_WARN_STRICT_PROTOTYPES = YES;
				CLANG_WARN_SUSPICIOUS_MOVE = YES;
				CLANG_WARN_UNGUARDED_AVAILABILITY = YES_AGGRESSIVE;
				CLANG_WARN_UNREACHABLE_CODE = YES;
				CLANG_WARN__DUPLICATE_METHOD_MATCH = YES;
				COPY_PHASE_STRIP = NO;
				DEBUG_INFORMATION_FORMAT = dwarf;
				ENABLE_STRICT_OBJC_MSGSEND = YES;
				ENABLE_TESTABILITY = YES;
				GCC_C_LANGUAGE_STANDARD = gnu11;
				GCC_DYNAMIC_NO_PIC = NO;
				GCC_NO_COMMON_BLOCKS = YES;
				GCC_OPTIMIZATION_LEVEL = 0;
				GCC_PREPROCESSOR_DEFINITIONS = (
					"DEBUG=1",
					"$(inherited)",
				);
				GCC_WARN_64_TO_32_BIT_CONVERSION = YES;
				GCC_WARN_ABOUT_RETURN_TYPE = YES_ERROR;
				GCC_WARN_UNDECLARED_SELECTOR = YES;
				GCC_WARN_UNINITIALIZED_AUTOS = YES_AGGRESSIVE;
				GCC_WARN_UNUSED_FUNCTION = YES;
				GCC_WARN_UNUSED_VARIABLE = YES;
				IPHONEOS_DEPLOYMENT_TARGET = 14.0;
				MTL_ENABLE_DEBUG_INFO = INCLUDE_SOURCE;
				MTL_FAST_MATH = YES;
				ONLY_ACTIVE_ARCH = YES;
				SDKROOT = iphoneos;
				SWIFT_ACTIVE_COMPILATION_CONDITIONS = DEBUG;
				SWIFT_OPTIMIZATION_LEVEL = "-Onone";
			};
			name = Debug;
		};
		873552D2270D847B00F2DDBD /* Release */ = {
			isa = XCBuildConfiguration;
			buildSettings = {
				ALWAYS_SEARCH_USER_PATHS = NO;
				CLANG_ANALYZER_NONNULL = YES;
				CLANG_ANALYZER_NUMBER_OBJECT_CONVERSION = YES_AGGRESSIVE;
				CLANG_CXX_LANGUAGE_STANDARD = "gnu++17";
				CLANG_CXX_LIBRARY = "libc++";
				CLANG_ENABLE_MODULES = YES;
				CLANG_ENABLE_OBJC_ARC = YES;
				CLANG_ENABLE_OBJC_WEAK = YES;
				CLANG_WARN_BLOCK_CAPTURE_AUTORELEASING = YES;
				CLANG_WARN_BOOL_CONVERSION = YES;
				CLANG_WARN_COMMA = YES;
				CLANG_WARN_CONSTANT_CONVERSION = YES;
				CLANG_WARN_DEPRECATED_OBJC_IMPLEMENTATIONS = YES;
				CLANG_WARN_DIRECT_OBJC_ISA_USAGE = YES_ERROR;
				CLANG_WARN_DOCUMENTATION_COMMENTS = YES;
				CLANG_WARN_EMPTY_BODY = YES;
				CLANG_WARN_ENUM_CONVERSION = YES;
				CLANG_WARN_INFINITE_RECURSION = YES;
				CLANG_WARN_INT_CONVERSION = YES;
				CLANG_WARN_NON_LITERAL_NULL_CONVERSION = YES;
				CLANG_WARN_OBJC_IMPLICIT_RETAIN_SELF = YES;
				CLANG_WARN_OBJC_LITERAL_CONVERSION = YES;
				CLANG_WARN_OBJC_ROOT_CLASS = YES_ERROR;
				CLANG_WARN_QUOTED_INCLUDE_IN_FRAMEWORK_HEADER = YES;
				CLANG_WARN_RANGE_LOOP_ANALYSIS = YES;
				CLANG_WARN_STRICT_PROTOTYPES = YES;
				CLANG_WARN_SUSPICIOUS_MOVE = YES;
				CLANG_WARN_UNGUARDED_AVAILABILITY = YES_AGGRESSIVE;
				CLANG_WARN_UNREACHABLE_CODE = YES;
				CLANG_WARN__DUPLICATE_METHOD_MATCH = YES;
				COPY_PHASE_STRIP = NO;
				DEBUG_INFORMATION_FORMAT = "dwarf-with-dsym";
				ENABLE_NS_ASSERTIONS = NO;
				ENABLE_STRICT_OBJC_MSGSEND = YES;
				GCC_C_LANGUAGE_STANDARD = gnu11;
				GCC_NO_COMMON_BLOCKS = YES;
				GCC_WARN_64_TO_32_BIT_CONVERSION = YES;
				GCC_WARN_ABOUT_RETURN_TYPE = YES_ERROR;
				GCC_WARN_UNDECLARED_SELECTOR = YES;
				GCC_WARN_UNINITIALIZED_AUTOS = YES_AGGRESSIVE;
				GCC_WARN_UNUSED_FUNCTION = YES;
				GCC_WARN_UNUSED_VARIABLE = YES;
				IPHONEOS_DEPLOYMENT_TARGET = 14.0;
				MTL_ENABLE_DEBUG_INFO = NO;
				MTL_FAST_MATH = YES;
				SDKROOT = iphoneos;
				SWIFT_COMPILATION_MODE = wholemodule;
				SWIFT_OPTIMIZATION_LEVEL = "-O";
				VALIDATE_PRODUCT = YES;
			};
			name = Release;
		};
		873552D4270D847B00F2DDBD /* Debug */ = {
			isa = XCBuildConfiguration;
			buildSettings = {
				ASSETCATALOG_COMPILER_APPICON_NAME = AppIcon;
				ASSETCATALOG_COMPILER_GLOBAL_ACCENT_COLOR_NAME = AccentColor;
				CODE_SIGN_ENTITLEMENTS = easyselling/easyselling.entitlements;
				CODE_SIGN_IDENTITY = "iPhone Developer";
				CODE_SIGN_STYLE = Manual;
				CURRENT_PROJECT_VERSION = 1;
				DEVELOPMENT_ASSET_PATHS = "\"easyselling/Preview Content\"";
				DEVELOPMENT_TEAM = 94FLWD5X32;
				ENABLE_PREVIEWS = YES;
				GENERATE_INFOPLIST_FILE = YES;
				INFOPLIST_KEY_UIApplicationSupportsIndirectInputEvents = YES;
				INFOPLIST_KEY_UILaunchScreen_Generation = YES;
				INFOPLIST_KEY_UISupportedInterfaceOrientations_iPad = "UIInterfaceOrientationPortrait UIInterfaceOrientationPortraitUpsideDown UIInterfaceOrientationLandscapeLeft UIInterfaceOrientationLandscapeRight";
				INFOPLIST_KEY_UISupportedInterfaceOrientations_iPhone = "UIInterfaceOrientationPortrait UIInterfaceOrientationLandscapeLeft UIInterfaceOrientationLandscapeRight";
				IPHONEOS_DEPLOYMENT_TARGET = 14.0;
				LD_RUNPATH_SEARCH_PATHS = (
					"$(inherited)",
					"@executable_path/Frameworks",
				);
				MARKETING_VERSION = 1.0;
				PRODUCT_BUNDLE_IDENTIFIER = com.ydays.easyselling;
				PRODUCT_NAME = "$(TARGET_NAME)";
				PROVISIONING_PROFILE_SPECIFIER = "match Development com.ydays.easyselling";
				SWIFT_EMIT_LOC_STRINGS = YES;
				SWIFT_VERSION = 5.0;
				TARGETED_DEVICE_FAMILY = "1,2";
			};
			name = Debug;
		};
		873552D5270D847B00F2DDBD /* Release */ = {
			isa = XCBuildConfiguration;
			buildSettings = {
				ASSETCATALOG_COMPILER_APPICON_NAME = AppIcon;
				ASSETCATALOG_COMPILER_GLOBAL_ACCENT_COLOR_NAME = AccentColor;
				CODE_SIGN_ENTITLEMENTS = easyselling/easyselling.entitlements;
				CODE_SIGN_IDENTITY = "iPhone Distribution";
				CODE_SIGN_STYLE = Manual;
				CURRENT_PROJECT_VERSION = 1;
				DEVELOPMENT_ASSET_PATHS = "\"easyselling/Preview Content\"";
				DEVELOPMENT_TEAM = 94FLWD5X32;
				ENABLE_PREVIEWS = YES;
				GENERATE_INFOPLIST_FILE = YES;
				INFOPLIST_KEY_UIApplicationSupportsIndirectInputEvents = YES;
				INFOPLIST_KEY_UILaunchScreen_Generation = YES;
				INFOPLIST_KEY_UISupportedInterfaceOrientations_iPad = "UIInterfaceOrientationPortrait UIInterfaceOrientationPortraitUpsideDown UIInterfaceOrientationLandscapeLeft UIInterfaceOrientationLandscapeRight";
				INFOPLIST_KEY_UISupportedInterfaceOrientations_iPhone = "UIInterfaceOrientationPortrait UIInterfaceOrientationLandscapeLeft UIInterfaceOrientationLandscapeRight";
				IPHONEOS_DEPLOYMENT_TARGET = 14.0;
				LD_RUNPATH_SEARCH_PATHS = (
					"$(inherited)",
					"@executable_path/Frameworks",
				);
				MARKETING_VERSION = 1.0;
				PRODUCT_BUNDLE_IDENTIFIER = com.ydays.easyselling;
				PRODUCT_NAME = "$(TARGET_NAME)";
				PROVISIONING_PROFILE_SPECIFIER = "match AppStore com.ydays.easyselling";
				SWIFT_EMIT_LOC_STRINGS = YES;
				SWIFT_VERSION = 5.0;
				TARGETED_DEVICE_FAMILY = "1,2";
			};
			name = Release;
		};
		873552D7270D847B00F2DDBD /* Debug */ = {
			isa = XCBuildConfiguration;
			buildSettings = {
				ALWAYS_EMBED_SWIFT_STANDARD_LIBRARIES = YES;
				BUNDLE_LOADER = "$(TEST_HOST)";
				CLANG_ENABLE_MODULES = YES;
				CODE_SIGN_STYLE = Manual;
				CURRENT_PROJECT_VERSION = 1;
				DEVELOPMENT_TEAM = 94FLWD5X32;
				GENERATE_INFOPLIST_FILE = YES;
				IPHONEOS_DEPLOYMENT_TARGET = 14.0;
				LD_RUNPATH_SEARCH_PATHS = (
					"$(inherited)",
					"@executable_path/Frameworks",
					"@loader_path/Frameworks",
				);
				MARKETING_VERSION = 1.0;
				PRODUCT_BUNDLE_IDENTIFIER = com.ydays.easysellingTests;
				PRODUCT_NAME = "$(TARGET_NAME)";
				SWIFT_EMIT_LOC_STRINGS = NO;
				SWIFT_OPTIMIZATION_LEVEL = "-Onone";
				SWIFT_VERSION = 5.0;
				TARGETED_DEVICE_FAMILY = "1,2";
				TEST_HOST = "$(BUILT_PRODUCTS_DIR)/easyselling.app/easyselling";
			};
			name = Debug;
		};
		873552D8270D847B00F2DDBD /* Release */ = {
			isa = XCBuildConfiguration;
			buildSettings = {
				ALWAYS_EMBED_SWIFT_STANDARD_LIBRARIES = YES;
				BUNDLE_LOADER = "$(TEST_HOST)";
				CLANG_ENABLE_MODULES = YES;
				CODE_SIGN_STYLE = Manual;
				CURRENT_PROJECT_VERSION = 1;
				DEVELOPMENT_TEAM = 94FLWD5X32;
				GENERATE_INFOPLIST_FILE = YES;
				IPHONEOS_DEPLOYMENT_TARGET = 14.0;
				LD_RUNPATH_SEARCH_PATHS = (
					"$(inherited)",
					"@executable_path/Frameworks",
					"@loader_path/Frameworks",
				);
				MARKETING_VERSION = 1.0;
				PRODUCT_BUNDLE_IDENTIFIER = com.ydays.easysellingTests;
				PRODUCT_NAME = "$(TARGET_NAME)";
				SWIFT_EMIT_LOC_STRINGS = NO;
				SWIFT_VERSION = 5.0;
				TARGETED_DEVICE_FAMILY = "1,2";
				TEST_HOST = "$(BUILT_PRODUCTS_DIR)/easyselling.app/easyselling";
			};
			name = Release;
		};
/* End XCBuildConfiguration section */

/* Begin XCConfigurationList section */
		873552AA270D847700F2DDBD /* Build configuration list for PBXProject "easyselling" */ = {
			isa = XCConfigurationList;
			buildConfigurations = (
				873552D1270D847B00F2DDBD /* Debug */,
				873552D2270D847B00F2DDBD /* Release */,
			);
			defaultConfigurationIsVisible = 0;
			defaultConfigurationName = Release;
		};
		873552D3270D847B00F2DDBD /* Build configuration list for PBXNativeTarget "easyselling" */ = {
			isa = XCConfigurationList;
			buildConfigurations = (
				873552D4270D847B00F2DDBD /* Debug */,
				873552D5270D847B00F2DDBD /* Release */,
			);
			defaultConfigurationIsVisible = 0;
			defaultConfigurationName = Release;
		};
		873552D6270D847B00F2DDBD /* Build configuration list for PBXNativeTarget "easysellingTests" */ = {
			isa = XCConfigurationList;
			buildConfigurations = (
				873552D7270D847B00F2DDBD /* Debug */,
				873552D8270D847B00F2DDBD /* Release */,
			);
			defaultConfigurationIsVisible = 0;
			defaultConfigurationName = Release;
		};
/* End XCConfigurationList section */

/* Begin XCRemoteSwiftPackageReference section */
		033F4AF12718C8A800B79149 /* XCRemoteSwiftPackageReference "netfox" */ = {
			isa = XCRemoteSwiftPackageReference;
			repositoryURL = "https://github.com/MaxenceMottard/netfox";
			requirement = {
				kind = upToNextMajorVersion;
				minimumVersion = 1.0.0;
			};
		};
/* End XCRemoteSwiftPackageReference section */

/* Begin XCSwiftPackageProductDependency section */
		033F4AF22718C8A800B79149 /* NetFox */ = {
			isa = XCSwiftPackageProductDependency;
			package = 033F4AF12718C8A800B79149 /* XCRemoteSwiftPackageReference "netfox" */;
			productName = NetFox;
		};
/* End XCSwiftPackageProductDependency section */
	};
	rootObject = 873552A7270D847700F2DDBD /* Project object */;
}
